
Microsoft Visual Studio Solution File, Format Version 12.00
# Visual Studio Version 17
VisualStudioVersion = 17.9.34607.119
MinimumVisualStudioVersion = 10.0.40219.1
Project("{9A19103F-16F7-4668-BE54-9A1E7A4F7556}") = "day01", "day01\day01.csproj", "{A618CA97-A1A9-401D-96A3-82A56EE417EE}"
EndProject
Global
	GlobalSection(SolutionConfigurationPlatforms) = preSolution
		Debug|Any CPU = Debug|Any CPU
		Release|Any CPU = Release|Any CPU
	EndGlobalSection
	GlobalSection(ProjectConfigurationPlatforms) = postSolution
		{A618CA97-A1A9-401D-96A3-82A56EE417EE}.Debug|Any CPU.ActiveCfg = Debug|Any CPU
		{A618CA97-A1A9-401D-96A3-82A56EE417EE}.Debug|Any CPU.Build.0 = Debug|Any CPU
		{A618CA97-A1A9-401D-96A3-82A56EE417EE}.Release|Any CPU.ActiveCfg = Release|Any CPU
		{A618CA97-A1A9-401D-96A3-82A56EE417EE}.Release|Any CPU.Build.0 = Release|Any CPU
	EndGlobalSection
	GlobalSection(SolutionProperties) = preSolution
		HideSolutionNode = FALSE
	EndGlobalSection
	GlobalSection(ExtensibilityGlobals) = postSolution
		SolutionGuid = {BBAF90D9-B447-44DE-A86A-7246987DE7F1}
	EndGlobalSection
EndGlobal
